// !$*UTF8*$!
{
	archiveVersion = 1;
	classes = {
	};
	objectVersion = 51;
	objects = {

/* Begin PBXBuildFile section */
		0B91FA094F32B41AAB04289E /* Pods_ExampleSwift.framework in Frameworks */ = {isa = PBXBuildFile; fileRef = 04DD0D62522116B1D9F62403 /* Pods_ExampleSwift.framework */; };
		521D8B511E648AD9000BF6B2 /* AppDelegate.swift in Sources */ = {isa = PBXBuildFile; fileRef = 521D8B501E648AD9000BF6B2 /* AppDelegate.swift */; };
		521D8B531E648AD9000BF6B2 /* ViewController.swift in Sources */ = {isa = PBXBuildFile; fileRef = 521D8B521E648AD9000BF6B2 /* ViewController.swift */; };
		521D8B561E648AD9000BF6B2 /* Main.storyboard in Resources */ = {isa = PBXBuildFile; fileRef = 521D8B541E648AD9000BF6B2 /* Main.storyboard */; };
		521D8B581E648AD9000BF6B2 /* Assets.xcassets in Resources */ = {isa = PBXBuildFile; fileRef = 521D8B571E648AD9000BF6B2 /* Assets.xcassets */; };
		521D8B5B1E648AD9000BF6B2 /* LaunchScreen.storyboard in Resources */ = {isa = PBXBuildFile; fileRef = 521D8B591E648AD9000BF6B2 /* LaunchScreen.storyboard */; };
/* End PBXBuildFile section */

/* Begin PBXFileReference section */
		04DD0D62522116B1D9F62403 /* Pods_ExampleSwift.framework */ = {isa = PBXFileReference; explicitFileType = wrapper.framework; includeInIndex = 0; path = Pods_ExampleSwift.framework; sourceTree = BUILT_PRODUCTS_DIR; };
		521D8B4D1E648AD9000BF6B2 /* ExampleSwift.app */ = {isa = PBXFileReference; explicitFileType = wrapper.application; includeInIndex = 0; path = ExampleSwift.app; sourceTree = BUILT_PRODUCTS_DIR; };
		521D8B501E648AD9000BF6B2 /* AppDelegate.swift */ = {isa = PBXFileReference; lastKnownFileType = sourcecode.swift; path = AppDelegate.swift; sourceTree = "<group>"; };
		521D8B521E648AD9000BF6B2 /* ViewController.swift */ = {isa = PBXFileReference; lastKnownFileType = sourcecode.swift; path = ViewController.swift; sourceTree = "<group>"; };
		521D8B551E648AD9000BF6B2 /* Base */ = {isa = PBXFileReference; lastKnownFileType = file.storyboard; name = Base; path = Base.lproj/Main.storyboard; sourceTree = "<group>"; };
		521D8B571E648AD9000BF6B2 /* Assets.xcassets */ = {isa = PBXFileReference; lastKnownFileType = folder.assetcatalog; path = Assets.xcassets; sourceTree = "<group>"; };
		521D8B5A1E648AD9000BF6B2 /* Base */ = {isa = PBXFileReference; lastKnownFileType = file.storyboard; name = Base; path = Base.lproj/LaunchScreen.storyboard; sourceTree = "<group>"; };
		521D8B5C1E648AD9000BF6B2 /* Info.plist */ = {isa = PBXFileReference; lastKnownFileType = text.plist.xml; path = Info.plist; sourceTree = "<group>"; };
		52F72BAB1E6490E700663332 /* ExampleSwift.entitlements */ = {isa = PBXFileReference; lastKnownFileType = text.plist.entitlements; path = ExampleSwift.entitlements; sourceTree = "<group>"; };
		B589C2679E71D32C6E0D4C1D /* Pods-ExampleSwift.release.xcconfig */ = {isa = PBXFileReference; includeInIndex = 1; lastKnownFileType = text.xcconfig; name = "Pods-ExampleSwift.release.xcconfig"; path = "Target Support Files/Pods-ExampleSwift/Pods-ExampleSwift.release.xcconfig"; sourceTree = "<group>"; };
		E2162C6501FD66A6EF3E104E /* Pods-ExampleSwift.debug.xcconfig */ = {isa = PBXFileReference; includeInIndex = 1; lastKnownFileType = text.xcconfig; name = "Pods-ExampleSwift.debug.xcconfig"; path = "Target Support Files/Pods-ExampleSwift/Pods-ExampleSwift.debug.xcconfig"; sourceTree = "<group>"; };
/* End PBXFileReference section */

/* Begin PBXFrameworksBuildPhase section */
		521D8B4A1E648AD9000BF6B2 /* Frameworks */ = {
			isa = PBXFrameworksBuildPhase;
			buildActionMask = 2147483647;
			files = (
				0B91FA094F32B41AAB04289E /* Pods_ExampleSwift.framework in Frameworks */,
			);
			runOnlyForDeploymentPostprocessing = 0;
		};
/* End PBXFrameworksBuildPhase section */

/* Begin PBXGroup section */
		24D061861DD5364FF9031F67 /* Pods */ = {
			isa = PBXGroup;
			children = (
				E2162C6501FD66A6EF3E104E /* Pods-ExampleSwift.debug.xcconfig */,
				B589C2679E71D32C6E0D4C1D /* Pods-ExampleSwift.release.xcconfig */,
			);
			path = Pods;
			sourceTree = "<group>";
		};
		521D8B441E648AD9000BF6B2 = {
			isa = PBXGroup;
			children = (
				521D8B4F1E648AD9000BF6B2 /* ExampleSwift */,
				521D8B4E1E648AD9000BF6B2 /* Products */,
				24D061861DD5364FF9031F67 /* Pods */,
				716E52B53675F42E9419DC1F /* Frameworks */,
			);
			sourceTree = "<group>";
		};
		521D8B4E1E648AD9000BF6B2 /* Products */ = {
			isa = PBXGroup;
			children = (
				521D8B4D1E648AD9000BF6B2 /* ExampleSwift.app */,
			);
			name = Products;
			sourceTree = "<group>";
		};
		521D8B4F1E648AD9000BF6B2 /* ExampleSwift */ = {
			isa = PBXGroup;
			children = (
				52F72BAB1E6490E700663332 /* ExampleSwift.entitlements */,
				521D8B501E648AD9000BF6B2 /* AppDelegate.swift */,
				521D8B521E648AD9000BF6B2 /* ViewController.swift */,
				521D8B541E648AD9000BF6B2 /* Main.storyboard */,
				521D8B571E648AD9000BF6B2 /* Assets.xcassets */,
				521D8B591E648AD9000BF6B2 /* LaunchScreen.storyboard */,
				521D8B5C1E648AD9000BF6B2 /* Info.plist */,
			);
			path = ExampleSwift;
			sourceTree = "<group>";
		};
		716E52B53675F42E9419DC1F /* Frameworks */ = {
			isa = PBXGroup;
			children = (
				04DD0D62522116B1D9F62403 /* Pods_ExampleSwift.framework */,
			);
			name = Frameworks;
			sourceTree = "<group>";
		};
/* End PBXGroup section */

/* Begin PBXNativeTarget section */
		521D8B4C1E648AD9000BF6B2 /* ExampleSwift */ = {
			isa = PBXNativeTarget;
			buildConfigurationList = 521D8B5F1E648AD9000BF6B2 /* Build configuration list for PBXNativeTarget "ExampleSwift" */;
			buildPhases = (
				0847DDBB066973BEE2E6BE84 /* [CP] Check Pods Manifest.lock */,
				521D8B491E648AD9000BF6B2 /* Sources */,
				521D8B4A1E648AD9000BF6B2 /* Frameworks */,
				521D8B4B1E648AD9000BF6B2 /* Resources */,
				8B64CED07B41902744AE0232 /* [CP] Embed Pods Frameworks */,
			);
			buildRules = (
			);
			dependencies = (
			);
			name = ExampleSwift;
			productName = ExampleSwift;
			productReference = 521D8B4D1E648AD9000BF6B2 /* ExampleSwift.app */;
			productType = "com.apple.product-type.application";
		};
/* End PBXNativeTarget section */

/* Begin PBXProject section */
		521D8B451E648AD9000BF6B2 /* Project object */ = {
			isa = PBXProject;
			attributes = {
				LastSwiftUpdateCheck = 0820;
				LastUpgradeCheck = 1210;
				ORGANIZATIONNAME = CleverTap;
				TargetAttributes = {
					521D8B4C1E648AD9000BF6B2 = {
						CreatedOnToolsVersion = 8.2.1;
						DevelopmentTeam = A5J34NR598;
						LastSwiftMigration = 1140;
						ProvisioningStyle = Automatic;
						SystemCapabilities = {
							com.apple.BackgroundModes = {
								enabled = 1;
							};
							com.apple.Push = {
								enabled = 1;
							};
						};
					};
				};
			};
			buildConfigurationList = 521D8B481E648AD9000BF6B2 /* Build configuration list for PBXProject "ExampleSwift" */;
			compatibilityVersion = "Xcode 10.0";
			developmentRegion = en;
			hasScannedForEncodings = 0;
			knownRegions = (
				en,
				Base,
			);
			mainGroup = 521D8B441E648AD9000BF6B2;
			productRefGroup = 521D8B4E1E648AD9000BF6B2 /* Products */;
			projectDirPath = "";
			projectRoot = "";
			targets = (
				521D8B4C1E648AD9000BF6B2 /* ExampleSwift */,
			);
		};
/* End PBXProject section */

/* Begin PBXResourcesBuildPhase section */
		521D8B4B1E648AD9000BF6B2 /* Resources */ = {
			isa = PBXResourcesBuildPhase;
			buildActionMask = 2147483647;
			files = (
				521D8B5B1E648AD9000BF6B2 /* LaunchScreen.storyboard in Resources */,
				521D8B581E648AD9000BF6B2 /* Assets.xcassets in Resources */,
				521D8B561E648AD9000BF6B2 /* Main.storyboard in Resources */,
			);
			runOnlyForDeploymentPostprocessing = 0;
		};
/* End PBXResourcesBuildPhase section */

/* Begin PBXShellScriptBuildPhase section */
		0847DDBB066973BEE2E6BE84 /* [CP] Check Pods Manifest.lock */ = {
			isa = PBXShellScriptBuildPhase;
			buildActionMask = 2147483647;
			files = (
			);
			inputFileListPaths = (
			);
			inputPaths = (
				"${PODS_PODFILE_DIR_PATH}/Podfile.lock",
				"${PODS_ROOT}/Manifest.lock",
			);
			name = "[CP] Check Pods Manifest.lock";
			outputFileListPaths = (
			);
			outputPaths = (
				"$(DERIVED_FILE_DIR)/Pods-ExampleSwift-checkManifestLockResult.txt",
			);
			runOnlyForDeploymentPostprocessing = 0;
			shellPath = /bin/sh;
			shellScript = "diff \"${PODS_PODFILE_DIR_PATH}/Podfile.lock\" \"${PODS_ROOT}/Manifest.lock\" > /dev/null\nif [ $? != 0 ] ; then\n    # print error to STDERR\n    echo \"error: The sandbox is not in sync with the Podfile.lock. Run 'pod install' or update your CocoaPods installation.\" >&2\n    exit 1\nfi\n# This output is used by Xcode 'outputs' to avoid re-running this script phase.\necho \"SUCCESS\" > \"${SCRIPT_OUTPUT_FILE_0}\"\n";
			showEnvVarsInLog = 0;
		};
		8B64CED07B41902744AE0232 /* [CP] Embed Pods Frameworks */ = {
			isa = PBXShellScriptBuildPhase;
			buildActionMask = 2147483647;
			files = (
			);
			inputFileListPaths = (
				"${PODS_ROOT}/Target Support Files/Pods-ExampleSwift/Pods-ExampleSwift-frameworks-${CONFIGURATION}-input-files.xcfilelist",
			);
			name = "[CP] Embed Pods Frameworks";
			outputFileListPaths = (
				"${PODS_ROOT}/Target Support Files/Pods-ExampleSwift/Pods-ExampleSwift-frameworks-${CONFIGURATION}-output-files.xcfilelist",
			);
			runOnlyForDeploymentPostprocessing = 0;
			shellPath = /bin/sh;
			shellScript = "\"${PODS_ROOT}/Target Support Files/Pods-ExampleSwift/Pods-ExampleSwift-frameworks.sh\"\n";
			showEnvVarsInLog = 0;
		};
/* End PBXShellScriptBuildPhase section */

/* Begin PBXSourcesBuildPhase section */
		521D8B491E648AD9000BF6B2 /* Sources */ = {
			isa = PBXSourcesBuildPhase;
			buildActionMask = 2147483647;
			files = (
				521D8B531E648AD9000BF6B2 /* ViewController.swift in Sources */,
				521D8B511E648AD9000BF6B2 /* AppDelegate.swift in Sources */,
			);
			runOnlyForDeploymentPostprocessing = 0;
		};
/* End PBXSourcesBuildPhase section */

/* Begin PBXVariantGroup section */
		521D8B541E648AD9000BF6B2 /* Main.storyboard */ = {
			isa = PBXVariantGroup;
			children = (
				521D8B551E648AD9000BF6B2 /* Base */,
			);
			name = Main.storyboard;
			sourceTree = "<group>";
		};
		521D8B591E648AD9000BF6B2 /* LaunchScreen.storyboard */ = {
			isa = PBXVariantGroup;
			children = (
				521D8B5A1E648AD9000BF6B2 /* Base */,
			);
			name = LaunchScreen.storyboard;
			sourceTree = "<group>";
		};
/* End PBXVariantGroup section */

/* Begin XCBuildConfiguration section */
		521D8B5D1E648AD9000BF6B2 /* Debug */ = {
			isa = XCBuildConfiguration;
			buildSettings = {
				ALWAYS_SEARCH_USER_PATHS = NO;
				CLANG_ANALYZER_LOCALIZABILITY_NONLOCALIZED = YES;
				CLANG_ANALYZER_NONNULL = YES;
				CLANG_CXX_LANGUAGE_STANDARD = "gnu++0x";
				CLANG_CXX_LIBRARY = "libc++";
				CLANG_ENABLE_MODULES = YES;
				CLANG_ENABLE_OBJC_ARC = YES;
				CLANG_WARN_BLOCK_CAPTURE_AUTORELEASING = YES;
				CLANG_WARN_BOOL_CONVERSION = YES;
				CLANG_WARN_COMMA = YES;
				CLANG_WARN_CONSTANT_CONVERSION = YES;
				CLANG_WARN_DEPRECATED_OBJC_IMPLEMENTATIONS = YES;
				CLANG_WARN_DIRECT_OBJC_ISA_USAGE = YES_ERROR;
				CLANG_WARN_DOCUMENTATION_COMMENTS = YES;
				CLANG_WARN_EMPTY_BODY = YES;
				CLANG_WARN_ENUM_CONVERSION = YES;
				CLANG_WARN_INFINITE_RECURSION = YES;
				CLANG_WARN_INT_CONVERSION = YES;
				CLANG_WARN_NON_LITERAL_NULL_CONVERSION = YES;
				CLANG_WARN_OBJC_IMPLICIT_RETAIN_SELF = YES;
				CLANG_WARN_OBJC_LITERAL_CONVERSION = YES;
				CLANG_WARN_OBJC_ROOT_CLASS = YES_ERROR;
				CLANG_WARN_QUOTED_INCLUDE_IN_FRAMEWORK_HEADER = YES;
				CLANG_WARN_RANGE_LOOP_ANALYSIS = YES;
				CLANG_WARN_STRICT_PROTOTYPES = YES;
				CLANG_WARN_SUSPICIOUS_MOVE = YES;
				CLANG_WARN_UNREACHABLE_CODE = YES;
				CLANG_WARN__DUPLICATE_METHOD_MATCH = YES;
				"CODE_SIGN_IDENTITY[sdk=iphoneos*]" = "iPhone Developer";
				COPY_PHASE_STRIP = NO;
				DEBUG_INFORMATION_FORMAT = dwarf;
				ENABLE_STRICT_OBJC_MSGSEND = YES;
				ENABLE_TESTABILITY = YES;
				GCC_C_LANGUAGE_STANDARD = gnu99;
				GCC_DYNAMIC_NO_PIC = NO;
				GCC_NO_COMMON_BLOCKS = YES;
				GCC_OPTIMIZATION_LEVEL = 0;
				GCC_PREPROCESSOR_DEFINITIONS = (
					"DEBUG=1",
					"$(inherited)",
				);
				GCC_WARN_64_TO_32_BIT_CONVERSION = YES;
				GCC_WARN_ABOUT_RETURN_TYPE = YES_ERROR;
				GCC_WARN_UNDECLARED_SELECTOR = YES;
				GCC_WARN_UNINITIALIZED_AUTOS = YES_AGGRESSIVE;
				GCC_WARN_UNUSED_FUNCTION = YES;
				GCC_WARN_UNUSED_VARIABLE = YES;
				IPHONEOS_DEPLOYMENT_TARGET = 12.0;
				MTL_ENABLE_DEBUG_INFO = YES;
				ONLY_ACTIVE_ARCH = YES;
				SDKROOT = iphoneos;
				SWIFT_ACTIVE_COMPILATION_CONDITIONS = DEBUG;
				SWIFT_OPTIMIZATION_LEVEL = "-Onone";
				TARGETED_DEVICE_FAMILY = "1,2";
			};
			name = Debug;
		};
		521D8B5E1E648AD9000BF6B2 /* Release */ = {
			isa = XCBuildConfiguration;
			buildSettings = {
				ALWAYS_SEARCH_USER_PATHS = NO;
				CLANG_ANALYZER_LOCALIZABILITY_NONLOCALIZED = YES;
				CLANG_ANALYZER_NONNULL = YES;
				CLANG_CXX_LANGUAGE_STANDARD = "gnu++0x";
				CLANG_CXX_LIBRARY = "libc++";
				CLANG_ENABLE_MODULES = YES;
				CLANG_ENABLE_OBJC_ARC = YES;
				CLANG_WARN_BLOCK_CAPTURE_AUTORELEASING = YES;
				CLANG_WARN_BOOL_CONVERSION = YES;
				CLANG_WARN_COMMA = YES;
				CLANG_WARN_CONSTANT_CONVERSION = YES;
				CLANG_WARN_DEPRECATED_OBJC_IMPLEMENTATIONS = YES;
				CLANG_WARN_DIRECT_OBJC_ISA_USAGE = YES_ERROR;
				CLANG_WARN_DOCUMENTATION_COMMENTS = YES;
				CLANG_WARN_EMPTY_BODY = YES;
				CLANG_WARN_ENUM_CONVERSION = YES;
				CLANG_WARN_INFINITE_RECURSION = YES;
				CLANG_WARN_INT_CONVERSION = YES;
				CLANG_WARN_NON_LITERAL_NULL_CONVERSION = YES;
				CLANG_WARN_OBJC_IMPLICIT_RETAIN_SELF = YES;
				CLANG_WARN_OBJC_LITERAL_CONVERSION = YES;
				CLANG_WARN_OBJC_ROOT_CLASS = YES_ERROR;
				CLANG_WARN_QUOTED_INCLUDE_IN_FRAMEWORK_HEADER = YES;
				CLANG_WARN_RANGE_LOOP_ANALYSIS = YES;
				CLANG_WARN_STRICT_PROTOTYPES = YES;
				CLANG_WARN_SUSPICIOUS_MOVE = YES;
				CLANG_WARN_UNREACHABLE_CODE = YES;
				CLANG_WARN__DUPLICATE_METHOD_MATCH = YES;
				"CODE_SIGN_IDENTITY[sdk=iphoneos*]" = "iPhone Developer";
				COPY_PHASE_STRIP = NO;
				DEBUG_INFORMATION_FORMAT = "dwarf-with-dsym";
				ENABLE_NS_ASSERTIONS = NO;
				ENABLE_STRICT_OBJC_MSGSEND = YES;
				GCC_C_LANGUAGE_STANDARD = gnu99;
				GCC_NO_COMMON_BLOCKS = YES;
				GCC_WARN_64_TO_32_BIT_CONVERSION = YES;
				GCC_WARN_ABOUT_RETURN_TYPE = YES_ERROR;
				GCC_WARN_UNDECLARED_SELECTOR = YES;
				GCC_WARN_UNINITIALIZED_AUTOS = YES_AGGRESSIVE;
				GCC_WARN_UNUSED_FUNCTION = YES;
				GCC_WARN_UNUSED_VARIABLE = YES;
				IPHONEOS_DEPLOYMENT_TARGET = 12.0;
				MTL_ENABLE_DEBUG_INFO = NO;
				SDKROOT = iphoneos;
				SWIFT_COMPILATION_MODE = wholemodule;
				SWIFT_OPTIMIZATION_LEVEL = "-O";
				TARGETED_DEVICE_FAMILY = "1,2";
				VALIDATE_PRODUCT = YES;
			};
			name = Release;
		};
		521D8B601E648AD9000BF6B2 /* Debug */ = {
			isa = XCBuildConfiguration;
			baseConfigurationReference = E2162C6501FD66A6EF3E104E /* Pods-ExampleSwift.debug.xcconfig */;
			buildSettings = {
				ASSETCATALOG_COMPILER_APPICON_NAME = AppIcon;
				CODE_SIGN_ENTITLEMENTS = ExampleSwift/ExampleSwift.entitlements;
				DEVELOPMENT_TEAM = A5J34NR598;
				INFOPLIST_FILE = ExampleSwift/Info.plist;
				IPHONEOS_DEPLOYMENT_TARGET = 10.0;
				LD_RUNPATH_SEARCH_PATHS = (
					"$(inherited)",
					"@executable_path/Frameworks",
				);
				PRODUCT_BUNDLE_IDENTIFIER = "com.clevertap.Segment-CleverTap";
				PRODUCT_NAME = "$(TARGET_NAME)";
				SWIFT_SWIFT3_OBJC_INFERENCE = Off;
				SWIFT_VERSION = 5.0;
			};
			name = Debug;
		};
		521D8B611E648AD9000BF6B2 /* Release */ = {
			isa = XCBuildConfiguration;
			baseConfigurationReference = B589C2679E71D32C6E0D4C1D /* Pods-ExampleSwift.release.xcconfig */;
			buildSettings = {
				ASSETCATALOG_COMPILER_APPICON_NAME = AppIcon;
				CODE_SIGN_ENTITLEMENTS = ExampleSwift/ExampleSwift.entitlements;
				DEVELOPMENT_TEAM = A5J34NR598;
				INFOPLIST_FILE = ExampleSwift/Info.plist;
				IPHONEOS_DEPLOYMENT_TARGET = 10.0;
				LD_RUNPATH_SEARCH_PATHS = (
					"$(inherited)",
					"@executable_path/Frameworks",
				);
				PRODUCT_BUNDLE_IDENTIFIER = "com.clevertap.Segment-CleverTap";
				PRODUCT_NAME = "$(TARGET_NAME)";
				SWIFT_SWIFT3_OBJC_INFERENCE = Off;
				SWIFT_VERSION = 5.0;
			};
			name = Release;
		};
/* End XCBuildConfiguration section */

/* Begin XCConfigurationList section */
		521D8B481E648AD9000BF6B2 /* Build configuration list for PBXProject "ExampleSwift" */ = {
			isa = XCConfigurationList;
			buildConfigurations = (
				521D8B5D1E648AD9000BF6B2 /* Debug */,
				521D8B5E1E648AD9000BF6B2 /* Release */,
			);
			defaultConfigurationIsVisible = 0;
			defaultConfigurationName = Release;
		};
		521D8B5F1E648AD9000BF6B2 /* Build configuration list for PBXNativeTarget "ExampleSwift" */ = {
			isa = XCConfigurationList;
			buildConfigurations = (
				521D8B601E648AD9000BF6B2 /* Debug */,
				521D8B611E648AD9000BF6B2 /* Release */,
			);
			defaultConfigurationIsVisible = 0;
			defaultConfigurationName = Release;
		};
/* End XCConfigurationList section */
	};
	rootObject = 521D8B451E648AD9000BF6B2 /* Project object */;
}
