PODS:
  - Analytics (4.1.5)
  - CleverTap-iOS-SDK (3.10.0):
    - SDWebImage (~> 5.1)
  - Nimble (9.2.0)
  - OCMock (3.8.1)
  - Quick (4.0.0)
  - SDWebImage (5.11.1):
    - SDWebImage/Core (= 5.11.1)
  - SDWebImage/Core (5.11.1)
  - Segment-CleverTap (1.2.1):
    - Analytics
    - CleverTap-iOS-SDK (= 3.10.0)

DEPENDENCIES:
  - Nimble
  - OCMock
  - Quick
  - Segment-CleverTap (from `../`)

SPEC REPOS:
  trunk:
    - Analytics
    - CleverTap-iOS-SDK
    - Nimble
    - OCMock
    - Quick
    - SDWebImage

EXTERNAL SOURCES:
  Segment-CleverTap:
    :path: "../"

SPEC CHECKSUMS:
  Analytics: 084a3edda6517e308007c1a7810b8f1e8f2925aa
  CleverTap-iOS-SDK: 1e38a25eee5bdb3e525c5c8497504bc64b7d695d
  Nimble: 4f4a345c80b503b3ea13606a4f98405974ee4d0b
  OCMock: 29f6e52085b4e7d9b075cbf03ed7c3112f82f934
  Quick: 6473349e43b9271a8d43839d9ba1c442ed1b7ac4
  SDWebImage: a7f831e1a65eb5e285e3fb046a23fcfbf08e696d
  Segment-CleverTap: d4f54d3a420ba351c7144b62962f7199fda252b0

PODFILE CHECKSUM: 69dfb08df8ef464b1b06904a20bdc760d70306bb

COCOAPODS: 1.10.1
