PODS:
  - Analytics (4.0.4)
  - CleverTap-iOS-SDK (3.8.2):
    - SDWebImage (~> 5.1)
  - Nimble (8.1.1)
  - OCMock (3.7.1)
  - Quick (3.0.0)
  - SDWebImage (5.8.4):
    - SDWebImage/Core (= 5.8.4)
  - SDWebImage/Core (5.8.4)
  - Segment-CleverTap (1.1.5):
    - Analytics
    - CleverTap-iOS-SDK (~> 3.8.2)

DEPENDENCIES:
  - Nimble
  - OCMock
  - Quick
  - Segment-CleverTap (from `../`)

SPEC REPOS:
  trunk:
    - Analytics
    - CleverTap-iOS-SDK
    - Nimble
    - OCMock
    - Quick
    - SDWebImage

EXTERNAL SOURCES:
  Segment-CleverTap:
    :path: "../"

SPEC CHECKSUMS:
  Analytics: 231b01fdaa9704105881dc82def7b7b1d6571edb
  CleverTap-iOS-SDK: e3fe181d9d2f4537c8389a55db8d568c69104a68
  Nimble: 5f8a2fb6fa343a7242dfdd9d42f7267419d464b2
  OCMock: 75fbeaa46a9b11f8c182bbb1d1f7e9a35ccc9955
  Quick: 6d9559f40647bc4d510103842ef2fdd882d753e2
  SDWebImage: cf6922231e95550934da2ada0f20f2becf2ceba9
  Segment-CleverTap: 9c7430a9d333bc794d17966d39052ccb03e95bc6

PODFILE CHECKSUM: cc18b2cd0d66c3784a2d3a80f62ab560d2a4e238

COCOAPODS: 1.9.3
