PODS:
  - Analytics (4.1.1)
  - CleverTap-iOS-SDK (3.9.1):
    - SDWebImage (~> 5.1)
  - Nimble (9.0.0)
  - OCMock (3.7.1)
  - Quick (3.0.0)
  - SDWebImage (5.9.4):
    - SDWebImage/Core (= 5.9.4)
  - SDWebImage/Core (5.9.4)
  - Segment-CleverTap (1.1.8):
    - Analytics
    - CleverTap-iOS-SDK (~> 3.9.1)

DEPENDENCIES:
  - Nimble
  - OCMock
  - Quick
  - Segment-CleverTap (from `../`)

SPEC REPOS:
  trunk:
    - Analytics
    - CleverTap-iOS-SDK
    - Nimble
    - OCMock
    - Quick
    - SDWebImage

EXTERNAL SOURCES:
  Segment-CleverTap:
    :path: "../"

SPEC CHECKSUMS:
  Analytics: 952eac761f84ba0a508a4cf691598654073f9e3d
  CleverTap-iOS-SDK: 37872a91bdac5da30e7d268c7f571ae894be4298
  Nimble: 3b4ec3fd40f1dc178058e0981107721c615643d8
  OCMock: 75fbeaa46a9b11f8c182bbb1d1f7e9a35ccc9955
  Quick: 6d9559f40647bc4d510103842ef2fdd882d753e2
  SDWebImage: b69257f4ab14e9b6a2ef53e910fdf914d8f757c1
  Segment-CleverTap: c44b3c6408f4281a2bf0393242e05e98fa797464

PODFILE CHECKSUM: 69dfb08df8ef464b1b06904a20bdc760d70306bb

COCOAPODS: 1.10.0
