PODS:
  - Analytics (4.0.4)
  - CleverTap-iOS-SDK (3.8.2):
    - SDWebImage (~> 5.1)
  - SDWebImage (5.8.4):
    - SDWebImage/Core (= 5.8.4)
  - SDWebImage/Core (5.8.4)
  - Segment-CleverTap (1.1.4):
    - Analytics
    - CleverTap-iOS-SDK (~> 3.8.1)

DEPENDENCIES:
  - Segment-CleverTap

SPEC REPOS:
  trunk:
    - Analytics
    - CleverTap-iOS-SDK
    - SDWebImage
    - Segment-CleverTap

SPEC CHECKSUMS:
  Analytics: 231b01fdaa9704105881dc82def7b7b1d6571edb
  CleverTap-iOS-SDK: e3fe181d9d2f4537c8389a55db8d568c69104a68
  SDWebImage: cf6922231e95550934da2ada0f20f2becf2ceba9
  Segment-CleverTap: d113d6afb024b5bd446820a05a9b66ad921024d1

PODFILE CHECKSUM: 6689f976e743be090ebf3901c53c5fa2b3ec1144

COCOAPODS: 1.9.3
