PODS:
  - Analytics (4.1.6)
  - CleverTap-iOS-SDK (4.0.0):
    - SDWebImage (~> 5.1)
  - SDWebImage (5.12.3):
    - SDWebImage/Core (= 5.12.3)
  - SDWebImage/Core (5.12.3)
  - Segment-CleverTap (1.2.1):
    - Analytics
    - CleverTap-iOS-SDK (= 4.0.0)

DEPENDENCIES:
  - Segment-CleverTap (from `../`)

SPEC REPOS:
  trunk:
    - Analytics
    - CleverTap-iOS-SDK
    - SDWebImage

EXTERNAL SOURCES:
  Segment-CleverTap:
    :path: "../"

SPEC CHECKSUMS:
  Analytics: eefe524436f904b8bb3f8c8c3425280e43b34efc
  CleverTap-iOS-SDK: fa4737b7cede85e55d49354ce79ef8d08762ddca
  SDWebImage: 53179a2dba77246efa8a9b85f5c5b21f8f43e38f
  Segment-CleverTap: 8430b765e9e25ef2ad77e6c28686c4e47d447d39

PODFILE CHECKSUM: 0a1abfabb7e7fdc960fdb5449f9d1e46ce3f81b1

COCOAPODS: 1.11.2
